
Microsoft Visual Studio Solution File, Format Version 12.00
# Visual Studio Version 17
VisualStudioVersion = 17.14.37027.9
MinimumVisualStudioVersion = 10.0.40219.1
Project("{8BC9CEB8-8B4A-11D0-8D11-00A0C91BC942}") = "Team Development Project", "Team Development Project.vcxproj", "{14E39A3C-6D48-470C-8F2A-627EB949A8FF}"
EndProject
Project("{8BC9CEB8-8B4A-11D0-8D11-00A0C91BC942}") = "UnitTests", "UnitTests\UnitTests.vcxproj", "{50E4480E-316F-C5F6-131B-DDDC92AB14F8}"
EndProject
Global
	GlobalSection(SolutionConfigurationPlatforms) = preSolution
		Debug|x64 = Debug|x64
		Debug|x86 = Debug|x86
		Release|x64 = Release|x64
		Release|x86 = Release|x86
	EndGlobalSection
	GlobalSection(ProjectConfigurationPlatforms) = postSolution
		{14E39A3C-6D48-470C-8F2A-627EB949A8FF}.Debug|x64.ActiveCfg = Debug|x64
		{14E39A3C-6D48-470C-8F2A-627EB949A8FF}.Debug|x64.Build.0 = Debug|x64
		{14E39A3C-6D48-470C-8F2A-627EB949A8FF}.Debug|x86.ActiveCfg = Debug|Win32
		{14E39A3C-6D48-470C-8F2A-627EB949A8FF}.Debug|x86.Build.0 = Debug|Win32
		{14E39A3C-6D48-470C-8F2A-627EB949A8FF}.Release|x64.ActiveCfg = Release|x64
		{14E39A3C-6D48-470C-8F2A-627EB949A8FF}.Release|x64.Build.0 = Release|x64
		{14E39A3C-6D48-470C-8F2A-627EB949A8FF}.Release|x86.ActiveCfg = Release|Win32
		{14E39A3C-6D48-470C-8F2A-627EB949A8FF}.Release|x86.Build.0 = Release|Win32
		{50E4480E-316F-C5F6-131B-DDDC92AB14F8}.Debug|x64.ActiveCfg = Debug|x64
		{50E4480E-316F-C5F6-131B-DDDC92AB14F8}.Debug|x64.Build.0 = Debug|x64
		{50E4480E-316F-C5F6-131B-DDDC92AB14F8}.Debug|x86.ActiveCfg = Debug|Win32
		{50E4480E-316F-C5F6-131B-DDDC92AB14F8}.Debug|x86.Build.0 = Debug|Win32
		{50E4480E-316F-C5F6-131B-DDDC92AB14F8}.Release|x64.ActiveCfg = Release|x64
		{50E4480E-316F-C5F6-131B-DDDC92AB14F8}.Release|x64.Build.0 = Release|x64
		{50E4480E-316F-C5F6-131B-DDDC92AB14F8}.Release|x86.ActiveCfg = Release|Win32
		{50E4480E-316F-C5F6-131B-DDDC92AB14F8}.Release|x86.Build.0 = Release|Win32
	EndGlobalSection
	GlobalSection(SolutionProperties) = preSolution
		HideSolutionNode = FALSE
	EndGlobalSection
	GlobalSection(ExtensibilityGlobals) = postSolution
		SolutionGuid = {68389ED5-72F8-4D11-818E-8A02B8670FF2}
	EndGlobalSection
EndGlobal
